
Microsoft Visual Studio Solution File, Format Version 11.00
# Visual Studio 2010
Project("{8BC9CEB8-8B4A-11D0-8D11-00A0C91BC942}") = "IceStreamingServer", "IceStreaming.vcxproj", "{E7E7DE87-23F0-4BF1-806F-E0A0068229FE}"
EndProject
Project("{8BC9CEB8-8B4A-11D0-8D11-00A0C91BC942}") = "IceStreamingClient", "IceStreamingClient.vcxproj", "{855E77E0-8183-41E2-8148-6272A74174D6}"
EndProject
Project("{FAE04EC0-301F-11D3-BF4B-00C04F79EFBC}") = "IceStreamingClientNet", "DotNet\IceStreamingClientNet.csproj", "{1EB710F0-E760-499B-BFD6-24E3B7A132E8}"
EndProject
Global
	GlobalSection(SolutionConfigurationPlatforms) = preSolution
		Debug Kinect|Any CPU = Debug Kinect|Any CPU
		Debug Kinect|Mixed Platforms = Debug Kinect|Mixed Platforms
		Debug Kinect|Win32 = Debug Kinect|Win32
		Debug Kinect|x64 = Debug Kinect|x64
		Debug Kinect|x86 = Debug Kinect|x86
		Debug|Any CPU = Debug|Any CPU
		Debug|Mixed Platforms = Debug|Mixed Platforms
		Debug|Win32 = Debug|Win32
		Debug|x64 = Debug|x64
		Debug|x86 = Debug|x86
		Release Kinect|Any CPU = Release Kinect|Any CPU
		Release Kinect|Mixed Platforms = Release Kinect|Mixed Platforms
		Release Kinect|Win32 = Release Kinect|Win32
		Release Kinect|x64 = Release Kinect|x64
		Release Kinect|x86 = Release Kinect|x86
		Release|Any CPU = Release|Any CPU
		Release|Mixed Platforms = Release|Mixed Platforms
		Release|Win32 = Release|Win32
		Release|x64 = Release|x64
		Release|x86 = Release|x86
	EndGlobalSection
	GlobalSection(ProjectConfigurationPlatforms) = postSolution
		{E7E7DE87-23F0-4BF1-806F-E0A0068229FE}.Debug Kinect|Any CPU.ActiveCfg = Debug Kinect|x64
		{E7E7DE87-23F0-4BF1-806F-E0A0068229FE}.Debug Kinect|Mixed Platforms.ActiveCfg = Debug Kinect|x64
		{E7E7DE87-23F0-4BF1-806F-E0A0068229FE}.Debug Kinect|Mixed Platforms.Build.0 = Debug Kinect|x64
		{E7E7DE87-23F0-4BF1-806F-E0A0068229FE}.Debug Kinect|Win32.ActiveCfg = Debug Kinect|x64
		{E7E7DE87-23F0-4BF1-806F-E0A0068229FE}.Debug Kinect|Win32.Build.0 = Debug Kinect|x64
		{E7E7DE87-23F0-4BF1-806F-E0A0068229FE}.Debug Kinect|x64.ActiveCfg = Debug Kinect|x64
		{E7E7DE87-23F0-4BF1-806F-E0A0068229FE}.Debug Kinect|x64.Build.0 = Debug Kinect|x64
		{E7E7DE87-23F0-4BF1-806F-E0A0068229FE}.Debug Kinect|x86.ActiveCfg = Debug Kinect|x64
		{E7E7DE87-23F0-4BF1-806F-E0A0068229FE}.Debug|Any CPU.ActiveCfg = Debug|x64
		{E7E7DE87-23F0-4BF1-806F-E0A0068229FE}.Debug|Mixed Platforms.ActiveCfg = Debug|x64
		{E7E7DE87-23F0-4BF1-806F-E0A0068229FE}.Debug|Mixed Platforms.Build.0 = Debug|x64
		{E7E7DE87-23F0-4BF1-806F-E0A0068229FE}.Debug|Win32.ActiveCfg = Debug|Win32
		{E7E7DE87-23F0-4BF1-806F-E0A0068229FE}.Debug|Win32.Build.0 = Debug|Win32
		{E7E7DE87-23F0-4BF1-806F-E0A0068229FE}.Debug|x64.ActiveCfg = Debug|x64
		{E7E7DE87-23F0-4BF1-806F-E0A0068229FE}.Debug|x64.Build.0 = Debug|x64
		{E7E7DE87-23F0-4BF1-806F-E0A0068229FE}.Debug|x86.ActiveCfg = Debug|x64
		{E7E7DE87-23F0-4BF1-806F-E0A0068229FE}.Release Kinect|Any CPU.ActiveCfg = Release Kinect|x64
		{E7E7DE87-23F0-4BF1-806F-E0A0068229FE}.Release Kinect|Mixed Platforms.ActiveCfg = Release Kinect|x64
		{E7E7DE87-23F0-4BF1-806F-E0A0068229FE}.Release Kinect|Mixed Platforms.Build.0 = Release Kinect|x64
		{E7E7DE87-23F0-4BF1-806F-E0A0068229FE}.Release Kinect|Win32.ActiveCfg = Release Kinect|x64
		{E7E7DE87-23F0-4BF1-806F-E0A0068229FE}.Release Kinect|Win32.Build.0 = Release Kinect|x64
		{E7E7DE87-23F0-4BF1-806F-E0A0068229FE}.Release Kinect|x64.ActiveCfg = Release Kinect|x64
		{E7E7DE87-23F0-4BF1-806F-E0A0068229FE}.Release Kinect|x64.Build.0 = Release Kinect|x64
		{E7E7DE87-23F0-4BF1-806F-E0A0068229FE}.Release Kinect|x86.ActiveCfg = Release Kinect|x64
		{E7E7DE87-23F0-4BF1-806F-E0A0068229FE}.Release|Any CPU.ActiveCfg = Release|x64
		{E7E7DE87-23F0-4BF1-806F-E0A0068229FE}.Release|Mixed Platforms.ActiveCfg = Release|x64
		{E7E7DE87-23F0-4BF1-806F-E0A0068229FE}.Release|Mixed Platforms.Build.0 = Release|x64
		{E7E7DE87-23F0-4BF1-806F-E0A0068229FE}.Release|Win32.ActiveCfg = Release|Win32
		{E7E7DE87-23F0-4BF1-806F-E0A0068229FE}.Release|Win32.Build.0 = Release|Win32
		{E7E7DE87-23F0-4BF1-806F-E0A0068229FE}.Release|x64.ActiveCfg = Release|x64
		{E7E7DE87-23F0-4BF1-806F-E0A0068229FE}.Release|x64.Build.0 = Release|x64
		{E7E7DE87-23F0-4BF1-806F-E0A0068229FE}.Release|x86.ActiveCfg = Release|x64
		{855E77E0-8183-41E2-8148-6272A74174D6}.Debug Kinect|Any CPU.ActiveCfg = Debug|x64
		{855E77E0-8183-41E2-8148-6272A74174D6}.Debug Kinect|Mixed Platforms.ActiveCfg = Debug|x64
		{855E77E0-8183-41E2-8148-6272A74174D6}.Debug Kinect|Mixed Platforms.Build.0 = Debug|x64
		{855E77E0-8183-41E2-8148-6272A74174D6}.Debug Kinect|Win32.ActiveCfg = Debug|Win32
		{855E77E0-8183-41E2-8148-6272A74174D6}.Debug Kinect|Win32.Build.0 = Debug|Win32
		{855E77E0-8183-41E2-8148-6272A74174D6}.Debug Kinect|x64.ActiveCfg = Debug|Win32
		{855E77E0-8183-41E2-8148-6272A74174D6}.Debug Kinect|x86.ActiveCfg = Debug|x64
		{855E77E0-8183-41E2-8148-6272A74174D6}.Debug|Any CPU.ActiveCfg = Debug|x64
		{855E77E0-8183-41E2-8148-6272A74174D6}.Debug|Mixed Platforms.ActiveCfg = Debug|x64
		{855E77E0-8183-41E2-8148-6272A74174D6}.Debug|Mixed Platforms.Build.0 = Debug|x64
		{855E77E0-8183-41E2-8148-6272A74174D6}.Debug|Win32.ActiveCfg = Debug|Win32
		{855E77E0-8183-41E2-8148-6272A74174D6}.Debug|Win32.Build.0 = Debug|Win32
		{855E77E0-8183-41E2-8148-6272A74174D6}.Debug|x64.ActiveCfg = Debug|Win32
		{855E77E0-8183-41E2-8148-6272A74174D6}.Debug|x86.ActiveCfg = Debug|x64
		{855E77E0-8183-41E2-8148-6272A74174D6}.Release Kinect|Any CPU.ActiveCfg = Release|x64
		{855E77E0-8183-41E2-8148-6272A74174D6}.Release Kinect|Mixed Platforms.ActiveCfg = Release|x64
		{855E77E0-8183-41E2-8148-6272A74174D6}.Release Kinect|Mixed Platforms.Build.0 = Release|x64
		{855E77E0-8183-41E2-8148-6272A74174D6}.Release Kinect|Win32.ActiveCfg = Release|Win32
		{855E77E0-8183-41E2-8148-6272A74174D6}.Release Kinect|Win32.Build.0 = Release|Win32
		{855E77E0-8183-41E2-8148-6272A74174D6}.Release Kinect|x64.ActiveCfg = Release|Win32
		{855E77E0-8183-41E2-8148-6272A74174D6}.Release Kinect|x86.ActiveCfg = Release|x64
		{855E77E0-8183-41E2-8148-6272A74174D6}.Release|Any CPU.ActiveCfg = Release|x64
		{855E77E0-8183-41E2-8148-6272A74174D6}.Release|Mixed Platforms.ActiveCfg = Release|x64
		{855E77E0-8183-41E2-8148-6272A74174D6}.Release|Mixed Platforms.Build.0 = Release|x64
		{855E77E0-8183-41E2-8148-6272A74174D6}.Release|Win32.ActiveCfg = Release|Win32
		{855E77E0-8183-41E2-8148-6272A74174D6}.Release|Win32.Build.0 = Release|Win32
		{855E77E0-8183-41E2-8148-6272A74174D6}.Release|x64.ActiveCfg = Release|x64
		{855E77E0-8183-41E2-8148-6272A74174D6}.Release|x64.Build.0 = Release|x64
		{855E77E0-8183-41E2-8148-6272A74174D6}.Release|x86.ActiveCfg = Release|x64
		{1EB710F0-E760-499B-BFD6-24E3B7A132E8}.Debug Kinect|Any CPU.ActiveCfg = Debug|x86
		{1EB710F0-E760-499B-BFD6-24E3B7A132E8}.Debug Kinect|Mixed Platforms.ActiveCfg = Debug|x86
		{1EB710F0-E760-499B-BFD6-24E3B7A132E8}.Debug Kinect|Mixed Platforms.Build.0 = Debug|x86
		{1EB710F0-E760-499B-BFD6-24E3B7A132E8}.Debug Kinect|Win32.ActiveCfg = Debug|x86
		{1EB710F0-E760-499B-BFD6-24E3B7A132E8}.Debug Kinect|x64.ActiveCfg = Debug|x86
		{1EB710F0-E760-499B-BFD6-24E3B7A132E8}.Debug Kinect|x86.ActiveCfg = Debug|x86
		{1EB710F0-E760-499B-BFD6-24E3B7A132E8}.Debug Kinect|x86.Build.0 = Debug|x86
		{1EB710F0-E760-499B-BFD6-24E3B7A132E8}.Debug|Any CPU.ActiveCfg = Debug|Any CPU
		{1EB710F0-E760-499B-BFD6-24E3B7A132E8}.Debug|Any CPU.Build.0 = Debug|Any CPU
		{1EB710F0-E760-499B-BFD6-24E3B7A132E8}.Debug|Mixed Platforms.ActiveCfg = Debug|x86
		{1EB710F0-E760-499B-BFD6-24E3B7A132E8}.Debug|Mixed Platforms.Build.0 = Debug|x86
		{1EB710F0-E760-499B-BFD6-24E3B7A132E8}.Debug|Win32.ActiveCfg = Debug|x86
		{1EB710F0-E760-499B-BFD6-24E3B7A132E8}.Debug|x64.ActiveCfg = Debug|x86
		{1EB710F0-E760-499B-BFD6-24E3B7A132E8}.Debug|x86.ActiveCfg = Debug|x86
		{1EB710F0-E760-499B-BFD6-24E3B7A132E8}.Debug|x86.Build.0 = Debug|x86
		{1EB710F0-E760-499B-BFD6-24E3B7A132E8}.Release Kinect|Any CPU.ActiveCfg = Release|x86
		{1EB710F0-E760-499B-BFD6-24E3B7A132E8}.Release Kinect|Mixed Platforms.ActiveCfg = Release|x86
		{1EB710F0-E760-499B-BFD6-24E3B7A132E8}.Release Kinect|Mixed Platforms.Build.0 = Release|x86
		{1EB710F0-E760-499B-BFD6-24E3B7A132E8}.Release Kinect|Win32.ActiveCfg = Release|x86
		{1EB710F0-E760-499B-BFD6-24E3B7A132E8}.Release Kinect|x64.ActiveCfg = Release|x86
		{1EB710F0-E760-499B-BFD6-24E3B7A132E8}.Release Kinect|x86.ActiveCfg = Release|x86
		{1EB710F0-E760-499B-BFD6-24E3B7A132E8}.Release Kinect|x86.Build.0 = Release|x86
		{1EB710F0-E760-499B-BFD6-24E3B7A132E8}.Release|Any CPU.ActiveCfg = Release|Any CPU
		{1EB710F0-E760-499B-BFD6-24E3B7A132E8}.Release|Any CPU.Build.0 = Release|Any CPU
		{1EB710F0-E760-499B-BFD6-24E3B7A132E8}.Release|Mixed Platforms.ActiveCfg = Release|x86
		{1EB710F0-E760-499B-BFD6-24E3B7A132E8}.Release|Mixed Platforms.Build.0 = Release|x86
		{1EB710F0-E760-499B-BFD6-24E3B7A132E8}.Release|Win32.ActiveCfg = Release|x86
		{1EB710F0-E760-499B-BFD6-24E3B7A132E8}.Release|x64.ActiveCfg = Release|x86
		{1EB710F0-E760-499B-BFD6-24E3B7A132E8}.Release|x86.ActiveCfg = Release|x86
		{1EB710F0-E760-499B-BFD6-24E3B7A132E8}.Release|x86.Build.0 = Release|x86
	EndGlobalSection
	GlobalSection(SolutionProperties) = preSolution
		HideSolutionNode = FALSE
	EndGlobalSection
EndGlobal
